
Microsoft Visual Studio Solution File, Format Version 12.00
# Visual Studio 15
VisualStudioVersion = 15.0.28010.2036
MinimumVisualStudioVersion = 10.0.40219.1
Project("{FAE04EC0-301F-11D3-BF4B-00C04F79EFBC}") = "WpfApp1", "WpfApp1\WpfApp1.csproj", "{663E0847-208F-44F1-857D-9B57559DA3CD}"
EndProject
Global
	GlobalSection(SolutionConfigurationPlatforms) = preSolution
		Debug|Any CPU = Debug|Any CPU
		Release|Any CPU = Release|Any CPU
	EndGlobalSection
	GlobalSection(ProjectConfigurationPlatforms) = postSolution
		{663E0847-208F-44F1-857D-9B57559DA3CD}.Debug|Any CPU.ActiveCfg = Debug|Any CPU
		{663E0847-208F-44F1-857D-9B57559DA3CD}.Debug|Any CPU.Build.0 = Debug|Any CPU
		{663E0847-208F-44F1-857D-9B57559DA3CD}.Release|Any CPU.ActiveCfg = Release|Any CPU
		{663E0847-208F-44F1-857D-9B57559DA3CD}.Release|Any CPU.Build.0 = Release|Any CPU
	EndGlobalSection
	GlobalSection(SolutionProperties) = preSolution
		HideSolutionNode = FALSE
	EndGlobalSection
	GlobalSection(ExtensibilityGlobals) = postSolution
		SolutionGuid = {33D6868C-672B-47F0-A479-E1C3FDE8D6D7}
	EndGlobalSection
EndGlobal
